
Microsoft Visual Studio Solution File, Format Version 12.00
# Visual Studio Version 16
VisualStudioVersion = 16.0.30907.101
MinimumVisualStudioVersion = 10.0.40219.1
Project("{FAE04EC0-301F-11D3-BF4B-00C04F79EFBC}") = "Abstract Factory UML", "Abstract Factory UML\Abstract Factory UML.csproj", "{DDBD988D-C54A-4088-8B9E-3971EFF19ACB}"
EndProject
Global
	GlobalSection(SolutionConfigurationPlatforms) = preSolution
		Debug|Any CPU = Debug|Any CPU
		Release|Any CPU = Release|Any CPU
	EndGlobalSection
	GlobalSection(ProjectConfigurationPlatforms) = postSolution
		{DDBD988D-C54A-4088-8B9E-3971EFF19ACB}.Debug|Any CPU.ActiveCfg = Debug|Any CPU
		{DDBD988D-C54A-4088-8B9E-3971EFF19ACB}.Debug|Any CPU.Build.0 = Debug|Any CPU
		{DDBD988D-C54A-4088-8B9E-3971EFF19ACB}.Release|Any CPU.ActiveCfg = Release|Any CPU
		{DDBD988D-C54A-4088-8B9E-3971EFF19ACB}.Release|Any CPU.Build.0 = Release|Any CPU
	EndGlobalSection
	GlobalSection(SolutionProperties) = preSolution
		HideSolutionNode = FALSE
	EndGlobalSection
	GlobalSection(ExtensibilityGlobals) = postSolution
		SolutionGuid = {6CB4DBFF-1FB6-4645-B820-90EA726FCCA7}
	EndGlobalSection
EndGlobal
