
Microsoft Visual Studio Solution File, Format Version 12.00
# Visual Studio Version 16
VisualStudioVersion = 16.0.30907.101
MinimumVisualStudioVersion = 10.0.40219.1
Project("{FAE04EC0-301F-11D3-BF4B-00C04F79EFBC}") = "Factory Method UML", "Factory Method UML\Factory Method UML.csproj", "{A5B33A17-EB21-4A80-8E85-F8822A1F2356}"
EndProject
Global
	GlobalSection(SolutionConfigurationPlatforms) = preSolution
		Debug|Any CPU = Debug|Any CPU
		Release|Any CPU = Release|Any CPU
	EndGlobalSection
	GlobalSection(ProjectConfigurationPlatforms) = postSolution
		{A5B33A17-EB21-4A80-8E85-F8822A1F2356}.Debug|Any CPU.ActiveCfg = Debug|Any CPU
		{A5B33A17-EB21-4A80-8E85-F8822A1F2356}.Debug|Any CPU.Build.0 = Debug|Any CPU
		{A5B33A17-EB21-4A80-8E85-F8822A1F2356}.Release|Any CPU.ActiveCfg = Release|Any CPU
		{A5B33A17-EB21-4A80-8E85-F8822A1F2356}.Release|Any CPU.Build.0 = Release|Any CPU
	EndGlobalSection
	GlobalSection(SolutionProperties) = preSolution
		HideSolutionNode = FALSE
	EndGlobalSection
	GlobalSection(ExtensibilityGlobals) = postSolution
		SolutionGuid = {736511AD-4E41-4E37-99A1-C88A0F801FB4}
	EndGlobalSection
EndGlobal
